
Microsoft Visual Studio Solution File, Format Version 12.00
# Visual Studio Version 17
VisualStudioVersion = 17.14.36401.2 d17.14
MinimumVisualStudioVersion = 10.0.40219.1
Project("{FAE04EC0-301F-11D3-BF4B-00C04F79EFBC}") = "TestPerfomansLab", "TestPerfomansLab.csproj", "{4803F4FB-ED2A-4116-A5D7-D903627F1F7C}"
EndProject
Global
	GlobalSection(SolutionConfigurationPlatforms) = preSolution
		Debug|Any CPU = Debug|Any CPU
		Release|Any CPU = Release|Any CPU
	EndGlobalSection
	GlobalSection(ProjectConfigurationPlatforms) = postSolution
		{4803F4FB-ED2A-4116-A5D7-D903627F1F7C}.Debug|Any CPU.ActiveCfg = Debug|Any CPU
		{4803F4FB-ED2A-4116-A5D7-D903627F1F7C}.Debug|Any CPU.Build.0 = Debug|Any CPU
		{4803F4FB-ED2A-4116-A5D7-D903627F1F7C}.Release|Any CPU.ActiveCfg = Release|Any CPU
		{4803F4FB-ED2A-4116-A5D7-D903627F1F7C}.Release|Any CPU.Build.0 = Release|Any CPU
	EndGlobalSection
	GlobalSection(SolutionProperties) = preSolution
		HideSolutionNode = FALSE
	EndGlobalSection
	GlobalSection(ExtensibilityGlobals) = postSolution
		SolutionGuid = {9731FDCB-01A9-4708-86C0-84FAED9E9358}
	EndGlobalSection
EndGlobal
